
Microsoft Visual Studio Solution File, Format Version 12.00
# Visual Studio Version 17
VisualStudioVersion = 17.6.33417.168
MinimumVisualStudioVersion = 10.0.40219.1
Project("{FAE04EC0-301F-11D3-BF4B-00C04F79EFBC}") = "MSB", "MSB\MSB\MSB.csproj", "{5809B203-0F10-416B-8A0E-CB21E5FD20A1}"
EndProject
Project("{FAE04EC0-301F-11D3-BF4B-00C04F79EFBC}") = "Fitbit.API.Client", "MSB\Fitbit.API.Client\Fitbit.API.Client.csproj", "{CF5D191F-835F-4A4F-AB4F-6CF0C68FE8EC}"
EndProject
Project("{FAE04EC0-301F-11D3-BF4B-00C04F79EFBC}") = "Fitbit.API.Model", "MSB\Fitbit.API.Model\Fitbit.API.Model.csproj", "{79A8A253-7DB2-4F2F-8EBA-3B175037662F}"
EndProject
Global
	GlobalSection(SolutionConfigurationPlatforms) = preSolution
		Debug|Any CPU = Debug|Any CPU
		Debug|ARM = Debug|ARM
		Debug|ARM64 = Debug|ARM64
		Debug|x64 = Debug|x64
		Debug|x86 = Debug|x86
		Release|Any CPU = Release|Any CPU
		Release|ARM = Release|ARM
		Release|ARM64 = Release|ARM64
		Release|x64 = Release|x64
		Release|x86 = Release|x86
	EndGlobalSection
	GlobalSection(ProjectConfigurationPlatforms) = postSolution
		{5809B203-0F10-416B-8A0E-CB21E5FD20A1}.Debug|Any CPU.ActiveCfg = Debug|x64
		{5809B203-0F10-416B-8A0E-CB21E5FD20A1}.Debug|Any CPU.Build.0 = Debug|x64
		{5809B203-0F10-416B-8A0E-CB21E5FD20A1}.Debug|Any CPU.Deploy.0 = Debug|x64
		{5809B203-0F10-416B-8A0E-CB21E5FD20A1}.Debug|ARM.ActiveCfg = Debug|ARM
		{5809B203-0F10-416B-8A0E-CB21E5FD20A1}.Debug|ARM.Build.0 = Debug|ARM
		{5809B203-0F10-416B-8A0E-CB21E5FD20A1}.Debug|ARM.Deploy.0 = Debug|ARM
		{5809B203-0F10-416B-8A0E-CB21E5FD20A1}.Debug|ARM64.ActiveCfg = Debug|ARM64
		{5809B203-0F10-416B-8A0E-CB21E5FD20A1}.Debug|ARM64.Build.0 = Debug|ARM64
		{5809B203-0F10-416B-8A0E-CB21E5FD20A1}.Debug|ARM64.Deploy.0 = Debug|ARM64
		{5809B203-0F10-416B-8A0E-CB21E5FD20A1}.Debug|x64.ActiveCfg = Debug|x64
		{5809B203-0F10-416B-8A0E-CB21E5FD20A1}.Debug|x64.Build.0 = Debug|x64
		{5809B203-0F10-416B-8A0E-CB21E5FD20A1}.Debug|x64.Deploy.0 = Debug|x64
		{5809B203-0F10-416B-8A0E-CB21E5FD20A1}.Debug|x86.ActiveCfg = Debug|x86
		{5809B203-0F10-416B-8A0E-CB21E5FD20A1}.Debug|x86.Build.0 = Debug|x86
		{5809B203-0F10-416B-8A0E-CB21E5FD20A1}.Debug|x86.Deploy.0 = Debug|x86
		{5809B203-0F10-416B-8A0E-CB21E5FD20A1}.Release|Any CPU.ActiveCfg = Release|x64
		{5809B203-0F10-416B-8A0E-CB21E5FD20A1}.Release|Any CPU.Build.0 = Release|x64
		{5809B203-0F10-416B-8A0E-CB21E5FD20A1}.Release|Any CPU.Deploy.0 = Release|x64
		{5809B203-0F10-416B-8A0E-CB21E5FD20A1}.Release|ARM.ActiveCfg = Release|ARM
		{5809B203-0F10-416B-8A0E-CB21E5FD20A1}.Release|ARM.Build.0 = Release|ARM
		{5809B203-0F10-416B-8A0E-CB21E5FD20A1}.Release|ARM.Deploy.0 = Release|ARM
		{5809B203-0F10-416B-8A0E-CB21E5FD20A1}.Release|ARM64.ActiveCfg = Release|ARM64
		{5809B203-0F10-416B-8A0E-CB21E5FD20A1}.Release|ARM64.Build.0 = Release|ARM64
		{5809B203-0F10-416B-8A0E-CB21E5FD20A1}.Release|ARM64.Deploy.0 = Release|ARM64
		{5809B203-0F10-416B-8A0E-CB21E5FD20A1}.Release|x64.ActiveCfg = Release|x64
		{5809B203-0F10-416B-8A0E-CB21E5FD20A1}.Release|x64.Build.0 = Release|x64
		{5809B203-0F10-416B-8A0E-CB21E5FD20A1}.Release|x64.Deploy.0 = Release|x64
		{5809B203-0F10-416B-8A0E-CB21E5FD20A1}.Release|x86.ActiveCfg = Release|x86
		{5809B203-0F10-416B-8A0E-CB21E5FD20A1}.Release|x86.Build.0 = Release|x86
		{5809B203-0F10-416B-8A0E-CB21E5FD20A1}.Release|x86.Deploy.0 = Release|x86
		{CF5D191F-835F-4A4F-AB4F-6CF0C68FE8EC}.Debug|Any CPU.ActiveCfg = Debug|Any CPU
		{CF5D191F-835F-4A4F-AB4F-6CF0C68FE8EC}.Debug|Any CPU.Build.0 = Debug|Any CPU
		{CF5D191F-835F-4A4F-AB4F-6CF0C68FE8EC}.Debug|ARM.ActiveCfg = Debug|ARM
		{CF5D191F-835F-4A4F-AB4F-6CF0C68FE8EC}.Debug|ARM.Build.0 = Debug|ARM
		{CF5D191F-835F-4A4F-AB4F-6CF0C68FE8EC}.Debug|ARM64.ActiveCfg = Debug|ARM64
		{CF5D191F-835F-4A4F-AB4F-6CF0C68FE8EC}.Debug|ARM64.Build.0 = Debug|ARM64
		{CF5D191F-835F-4A4F-AB4F-6CF0C68FE8EC}.Debug|x64.ActiveCfg = Debug|x64
		{CF5D191F-835F-4A4F-AB4F-6CF0C68FE8EC}.Debug|x64.Build.0 = Debug|x64
		{CF5D191F-835F-4A4F-AB4F-6CF0C68FE8EC}.Debug|x86.ActiveCfg = Debug|x86
		{CF5D191F-835F-4A4F-AB4F-6CF0C68FE8EC}.Debug|x86.Build.0 = Debug|x86
		{CF5D191F-835F-4A4F-AB4F-6CF0C68FE8EC}.Release|Any CPU.ActiveCfg = Release|Any CPU
		{CF5D191F-835F-4A4F-AB4F-6CF0C68FE8EC}.Release|Any CPU.Build.0 = Release|Any CPU
		{CF5D191F-835F-4A4F-AB4F-6CF0C68FE8EC}.Release|ARM.ActiveCfg = Release|ARM
		{CF5D191F-835F-4A4F-AB4F-6CF0C68FE8EC}.Release|ARM.Build.0 = Release|ARM
		{CF5D191F-835F-4A4F-AB4F-6CF0C68FE8EC}.Release|ARM64.ActiveCfg = Release|ARM64
		{CF5D191F-835F-4A4F-AB4F-6CF0C68FE8EC}.Release|ARM64.Build.0 = Release|ARM64
		{CF5D191F-835F-4A4F-AB4F-6CF0C68FE8EC}.Release|x64.ActiveCfg = Release|x64
		{CF5D191F-835F-4A4F-AB4F-6CF0C68FE8EC}.Release|x64.Build.0 = Release|x64
		{CF5D191F-835F-4A4F-AB4F-6CF0C68FE8EC}.Release|x86.ActiveCfg = Release|x86
		{CF5D191F-835F-4A4F-AB4F-6CF0C68FE8EC}.Release|x86.Build.0 = Release|x86
		{79A8A253-7DB2-4F2F-8EBA-3B175037662F}.Debug|Any CPU.ActiveCfg = Debug|Any CPU
		{79A8A253-7DB2-4F2F-8EBA-3B175037662F}.Debug|Any CPU.Build.0 = Debug|Any CPU
		{79A8A253-7DB2-4F2F-8EBA-3B175037662F}.Debug|ARM.ActiveCfg = Debug|ARM
		{79A8A253-7DB2-4F2F-8EBA-3B175037662F}.Debug|ARM.Build.0 = Debug|ARM
		{79A8A253-7DB2-4F2F-8EBA-3B175037662F}.Debug|ARM64.ActiveCfg = Debug|ARM64
		{79A8A253-7DB2-4F2F-8EBA-3B175037662F}.Debug|ARM64.Build.0 = Debug|ARM64
		{79A8A253-7DB2-4F2F-8EBA-3B175037662F}.Debug|x64.ActiveCfg = Debug|x64
		{79A8A253-7DB2-4F2F-8EBA-3B175037662F}.Debug|x64.Build.0 = Debug|x64
		{79A8A253-7DB2-4F2F-8EBA-3B175037662F}.Debug|x86.ActiveCfg = Debug|x86
		{79A8A253-7DB2-4F2F-8EBA-3B175037662F}.Debug|x86.Build.0 = Debug|x86
		{79A8A253-7DB2-4F2F-8EBA-3B175037662F}.Release|Any CPU.ActiveCfg = Release|Any CPU
		{79A8A253-7DB2-4F2F-8EBA-3B175037662F}.Release|Any CPU.Build.0 = Release|Any CPU
		{79A8A253-7DB2-4F2F-8EBA-3B175037662F}.Release|ARM.ActiveCfg = Release|ARM
		{79A8A253-7DB2-4F2F-8EBA-3B175037662F}.Release|ARM.Build.0 = Release|ARM
		{79A8A253-7DB2-4F2F-8EBA-3B175037662F}.Release|ARM64.ActiveCfg = Release|ARM64
		{79A8A253-7DB2-4F2F-8EBA-3B175037662F}.Release|ARM64.Build.0 = Release|ARM64
		{79A8A253-7DB2-4F2F-8EBA-3B175037662F}.Release|x64.ActiveCfg = Release|x64
		{79A8A253-7DB2-4F2F-8EBA-3B175037662F}.Release|x64.Build.0 = Release|x64
		{79A8A253-7DB2-4F2F-8EBA-3B175037662F}.Release|x86.ActiveCfg = Release|x86
		{79A8A253-7DB2-4F2F-8EBA-3B175037662F}.Release|x86.Build.0 = Release|x86
	EndGlobalSection
	GlobalSection(SolutionProperties) = preSolution
		HideSolutionNode = FALSE
	EndGlobalSection
	GlobalSection(ExtensibilityGlobals) = postSolution
		SolutionGuid = {2FF065D7-EAED-4E44-BB73-71A4F4AE006F}
	EndGlobalSection
EndGlobal
